{
  "name": "trtl-migrate",
  "version": "1.0.0",
  "lockfileVersion": 3,
  "requires": true,
  "packages": {
    "": {
      "name": "trtl-migrate",
      "version": "1.0.0",
      "license": "ISC",
      "dependencies": {
        "trtl-migrate": "^1.0.0"
      }
    },
    "node_modules/trtl-migrate": {
      "version": "1.0.0",
      "resolved": "https://registry.npmjs.org/trtl-migrate/-/trtl-migrate-1.0.0.tgz",
      "integrity": "sha512-x/j4W+kL+tUcSnVkuhuxmWRwdKcZHfS+vLTJl97S11oZVQkG3UCkiUbSsRu1krNcc1KNDrRzc0JeV6wM0yrCyg=="
    }
  }
}
